<?xml version="1.0" encoding="utf-8"?>
<Project ToolsVersion="4.0" xmlns="http://schemas.microsoft.com/developer/msbuild/2003">
  <ItemGroup>
    <Filter Include="Atum">
      <UniqueIdentifier>{1CB1827C-08E8-830D-B1D4-69109DEAFF0E}</UniqueIdentifier>
    </Filter>
    <Filter Include="Atum\Events">
      <UniqueIdentifier>{80851A3D-EC3A-9332-752F-8D09E1E38936}</UniqueIdentifier>
    </Filter>
  </ItemGroup>
  <ItemGroup>
    <ClInclude Include="src\Atum.h" />
    <ClInclude Include="src\Atum\Application.h">
      <Filter>Atum</Filter>
    </ClInclude>
    <ClInclude Include="src\Atum\Core.h">
      <Filter>Atum</Filter>
    </ClInclude>
    <ClInclude Include="src\Atum\EntryPoint.h">
      <Filter>Atum</Filter>
    </ClInclude>
    <ClInclude Include="src\Atum\Events\ApplicationEvent.h">
      <Filter>Atum\Events</Filter>
    </ClInclude>
    <ClInclude Include="src\Atum\Events\Event.h">
      <Filter>Atum\Events</Filter>
    </ClInclude>
    <ClInclude Include="src\Atum\Log.h">
      <Filter>Atum</Filter>
    </ClInclude>
    <ClInclude Include="src\Atum\Events\KeyEvent.h" />
    <ClInclude Include="src\Atum\Events\KeyCodes.h" />
    <ClInclude Include="src\Atum\Events\MouseEvent.h" />
    <ClInclude Include="src\Atum\Events\MouseCodes.h" />
  </ItemGroup>
  <ItemGroup>
    <ClCompile Include="src\Atum\Application.cpp">
      <Filter>Atum</Filter>
    </ClCompile>
    <ClCompile Include="src\Atum\Log.cpp">
      <Filter>Atum</Filter>
    </ClCompile>
  </ItemGroup>
</Project>